// !$*UTF8*$!
{
	archiveVersion = 1;
	classes = {
	};
	objectVersion = 50;
	objects = {

/* Begin PBXBuildFile section */
		C62ED22B2565325900EF82FC /* UnknownTest.swift in Sources */ = {isa = PBXBuildFile; fileRef = C62ED22A2565325900EF82FC /* UnknownTest.swift */; };
		C62ED2392565349F00EF82FC /* Unknown.swift in Sources */ = {isa = PBXBuildFile; fileRef = C62ED2382565349F00EF82FC /* Unknown.swift */; };
		C62ED23A2565349F00EF82FC /* Unknown.swift in Sources */ = {isa = PBXBuildFile; fileRef = C62ED2382565349F00EF82FC /* Unknown.swift */; };
		C67DDCDB2563D132001F7CE2 /* Search.swift in Sources */ = {isa = PBXBuildFile; fileRef = C67DDCDA2563D132001F7CE2 /* Search.swift */; };
		C67DDCDC2563D132001F7CE2 /* Search.swift in Sources */ = {isa = PBXBuildFile; fileRef = C67DDCDA2563D132001F7CE2 /* Search.swift */; };
		C67DDCE82563D19C001F7CE2 /* SearchingTest.swift in Sources */ = {isa = PBXBuildFile; fileRef = C67DDCE62563D19C001F7CE2 /* SearchingTest.swift */; };
		C68E805F255EACBF00A5C339 /* Sorting.swift in Sources */ = {isa = PBXBuildFile; fileRef = C68E805E255EACBF00A5C339 /* Sorting.swift */; };
		C68E8067255EAEE900A5C339 /* Sorting.swift in Sources */ = {isa = PBXBuildFile; fileRef = C68E805E255EACBF00A5C339 /* Sorting.swift */; };
		C68E8083255EB0A100A5C339 /* SortingTest.swift in Sources */ = {isa = PBXBuildFile; fileRef = C68E8082255EB0A100A5C339 /* SortingTest.swift */; };
		C6F0C3A8255BF9B2001876EB /* main.swift in Sources */ = {isa = PBXBuildFile; fileRef = C6F0C3A7255BF9B2001876EB /* main.swift */; };
/* End PBXBuildFile section */

/* Begin PBXCopyFilesBuildPhase section */
		C6F0C3A2255BF9B2001876EB /* CopyFiles */ = {
			isa = PBXCopyFilesBuildPhase;
			buildActionMask = 2147483647;
			dstPath = /usr/share/man/man1/;
			dstSubfolderSpec = 0;
			files = (
			);
			runOnlyForDeploymentPostprocessing = 1;
		};
/* End PBXCopyFilesBuildPhase section */

/* Begin PBXFileReference section */
		C62ED22A2565325900EF82FC /* UnknownTest.swift */ = {isa = PBXFileReference; lastKnownFileType = sourcecode.swift; path = UnknownTest.swift; sourceTree = "<group>"; };
		C62ED2382565349F00EF82FC /* Unknown.swift */ = {isa = PBXFileReference; lastKnownFileType = sourcecode.swift; path = Unknown.swift; sourceTree = "<group>"; };
		C67DDCDA2563D132001F7CE2 /* Search.swift */ = {isa = PBXFileReference; lastKnownFileType = sourcecode.swift; path = Search.swift; sourceTree = "<group>"; };
		C67DDCE62563D19C001F7CE2 /* SearchingTest.swift */ = {isa = PBXFileReference; lastKnownFileType = sourcecode.swift; path = SearchingTest.swift; sourceTree = "<group>"; };
		C68E8050255EAA8E00A5C339 /* StandardAlgorithmsTests.xctest */ = {isa = PBXFileReference; explicitFileType = wrapper.cfbundle; includeInIndex = 0; path = StandardAlgorithmsTests.xctest; sourceTree = BUILT_PRODUCTS_DIR; };
		C68E8054255EAA8E00A5C339 /* Info.plist */ = {isa = PBXFileReference; lastKnownFileType = text.plist.xml; path = Info.plist; sourceTree = "<group>"; };
		C68E805E255EACBF00A5C339 /* Sorting.swift */ = {isa = PBXFileReference; lastKnownFileType = sourcecode.swift; path = Sorting.swift; sourceTree = "<group>"; };
		C68E8074255EB06800A5C339 /* blahtests.xctest */ = {isa = PBXFileReference; explicitFileType = wrapper.cfbundle; includeInIndex = 0; path = blahtests.xctest; sourceTree = BUILT_PRODUCTS_DIR; };
		C68E8082255EB0A100A5C339 /* SortingTest.swift */ = {isa = PBXFileReference; lastKnownFileType = sourcecode.swift; path = SortingTest.swift; sourceTree = "<group>"; };
		C6F0C3A4255BF9B2001876EB /* StandardAlgorithms */ = {isa = PBXFileReference; explicitFileType = "compiled.mach-o.executable"; includeInIndex = 0; path = StandardAlgorithms; sourceTree = BUILT_PRODUCTS_DIR; };
		C6F0C3A7255BF9B2001876EB /* main.swift */ = {isa = PBXFileReference; lastKnownFileType = sourcecode.swift; path = main.swift; sourceTree = "<group>"; };
/* End PBXFileReference section */

/* Begin PBXFrameworksBuildPhase section */
		C68E804D255EAA8E00A5C339 /* Frameworks */ = {
			isa = PBXFrameworksBuildPhase;
			buildActionMask = 2147483647;
			files = (
			);
			runOnlyForDeploymentPostprocessing = 0;
		};
		C68E8071255EB06800A5C339 /* Frameworks */ = {
			isa = PBXFrameworksBuildPhase;
			buildActionMask = 2147483647;
			files = (
			);
			runOnlyForDeploymentPostprocessing = 0;
		};
		C6F0C3A1255BF9B2001876EB /* Frameworks */ = {
			isa = PBXFrameworksBuildPhase;
			buildActionMask = 2147483647;
			files = (
			);
			runOnlyForDeploymentPostprocessing = 0;
		};
/* End PBXFrameworksBuildPhase section */

/* Begin PBXGroup section */
		C68E8051255EAA8E00A5C339 /* StandardAlgorithmsTests */ = {
			isa = PBXGroup;
			children = (
				C68E8054255EAA8E00A5C339 /* Info.plist */,
				C68E8082255EB0A100A5C339 /* SortingTest.swift */,
				C67DDCE62563D19C001F7CE2 /* SearchingTest.swift */,
				C62ED22A2565325900EF82FC /* UnknownTest.swift */,
			);
			path = StandardAlgorithmsTests;
			sourceTree = "<group>";
		};
		C6F0C39B255BF9B1001876EB = {
			isa = PBXGroup;
			children = (
				C6F0C3A6255BF9B2001876EB /* StandardAlgorithms */,
				C68E8051255EAA8E00A5C339 /* StandardAlgorithmsTests */,
				C6F0C3A5255BF9B2001876EB /* Products */,
			);
			sourceTree = "<group>";
		};
		C6F0C3A5255BF9B2001876EB /* Products */ = {
			isa = PBXGroup;
			children = (
				C6F0C3A4255BF9B2001876EB /* StandardAlgorithms */,
				C68E8050255EAA8E00A5C339 /* StandardAlgorithmsTests.xctest */,
				C68E8074255EB06800A5C339 /* blahtests.xctest */,
			);
			name = Products;
			sourceTree = "<group>";
		};
		C6F0C3A6255BF9B2001876EB /* StandardAlgorithms */ = {
			isa = PBXGroup;
			children = (
				C6F0C3A7255BF9B2001876EB /* main.swift */,
				C68E805E255EACBF00A5C339 /* Sorting.swift */,
				C67DDCDA2563D132001F7CE2 /* Search.swift */,
				C62ED2382565349F00EF82FC /* Unknown.swift */,
			);
			path = StandardAlgorithms;
			sourceTree = "<group>";
		};
/* End PBXGroup section */

/* Begin PBXNativeTarget section */
		C68E804F255EAA8E00A5C339 /* StandardAlgorithmsTests */ = {
			isa = PBXNativeTarget;
			buildConfigurationList = C68E8055255EAA8E00A5C339 /* Build configuration list for PBXNativeTarget "StandardAlgorithmsTests" */;
			buildPhases = (
				C68E804C255EAA8E00A5C339 /* Sources */,
				C68E804D255EAA8E00A5C339 /* Frameworks */,
				C68E804E255EAA8E00A5C339 /* Resources */,
			);
			buildRules = (
			);
			dependencies = (
			);
			name = StandardAlgorithmsTests;
			productName = StandardAlgorithmsTests;
			productReference = C68E8050255EAA8E00A5C339 /* StandardAlgorithmsTests.xctest */;
			productType = "com.apple.product-type.bundle.unit-test";
		};
		C68E8073255EB06800A5C339 /* blahtests */ = {
			isa = PBXNativeTarget;
			buildConfigurationList = C68E8079255EB06800A5C339 /* Build configuration list for PBXNativeTarget "blahtests" */;
			buildPhases = (
				C68E8070255EB06800A5C339 /* Sources */,
				C68E8071255EB06800A5C339 /* Frameworks */,
				C68E8072255EB06800A5C339 /* Resources */,
			);
			buildRules = (
			);
			dependencies = (
			);
			name = blahtests;
			productName = blahtests;
			productReference = C68E8074255EB06800A5C339 /* blahtests.xctest */;
			productType = "com.apple.product-type.bundle.unit-test";
		};
		C6F0C3A3255BF9B2001876EB /* StandardAlgorithms */ = {
			isa = PBXNativeTarget;
			buildConfigurationList = C6F0C3AB255BF9B2001876EB /* Build configuration list for PBXNativeTarget "StandardAlgorithms" */;
			buildPhases = (
				C6F0C3A0255BF9B2001876EB /* Sources */,
				C6F0C3A1255BF9B2001876EB /* Frameworks */,
				C6F0C3A2255BF9B2001876EB /* CopyFiles */,
			);
			buildRules = (
			);
			dependencies = (
			);
			name = StandardAlgorithms;
			productName = StandardAlgorithms;
			productReference = C6F0C3A4255BF9B2001876EB /* StandardAlgorithms */;
			productType = "com.apple.product-type.tool";
		};
/* End PBXNativeTarget section */

/* Begin PBXProject section */
		C6F0C39C255BF9B1001876EB /* Project object */ = {
			isa = PBXProject;
			attributes = {
				LastSwiftUpdateCheck = 1220;
				LastUpgradeCheck = 1220;
				TargetAttributes = {
					C68E804F255EAA8E00A5C339 = {
						CreatedOnToolsVersion = 12.2;
					};
					C68E8073255EB06800A5C339 = {
						CreatedOnToolsVersion = 12.2;
					};
					C6F0C3A3255BF9B2001876EB = {
						CreatedOnToolsVersion = 12.1;
					};
				};
			};
			buildConfigurationList = C6F0C39F255BF9B1001876EB /* Build configuration list for PBXProject "StandardAlgorithms" */;
			compatibilityVersion = "Xcode 9.3";
			developmentRegion = en;
			hasScannedForEncodings = 0;
			knownRegions = (
				en,
				Base,
			);
			mainGroup = C6F0C39B255BF9B1001876EB;
			productRefGroup = C6F0C3A5255BF9B2001876EB /* Products */;
			projectDirPath = "";
			projectRoot = "";
			targets = (
				C6F0C3A3255BF9B2001876EB /* StandardAlgorithms */,
				C68E804F255EAA8E00A5C339 /* StandardAlgorithmsTests */,
				C68E8073255EB06800A5C339 /* blahtests */,
			);
		};
/* End PBXProject section */

/* Begin PBXResourcesBuildPhase section */
		C68E804E255EAA8E00A5C339 /* Resources */ = {
			isa = PBXResourcesBuildPhase;
			buildActionMask = 2147483647;
			files = (
			);
			runOnlyForDeploymentPostprocessing = 0;
		};
		C68E8072255EB06800A5C339 /* Resources */ = {
			isa = PBXResourcesBuildPhase;
			buildActionMask = 2147483647;
			files = (
			);
			runOnlyForDeploymentPostprocessing = 0;
		};
/* End PBXResourcesBuildPhase section */

/* Begin PBXSourcesBuildPhase section */
		C68E804C255EAA8E00A5C339 /* Sources */ = {
			isa = PBXSourcesBuildPhase;
			buildActionMask = 2147483647;
			files = (
				C67DDCDC2563D132001F7CE2 /* Search.swift in Sources */,
				C68E8083255EB0A100A5C339 /* SortingTest.swift in Sources */,
				C67DDCE82563D19C001F7CE2 /* SearchingTest.swift in Sources */,
				C62ED22B2565325900EF82FC /* UnknownTest.swift in Sources */,
				C62ED23A2565349F00EF82FC /* Unknown.swift in Sources */,
				C68E8067255EAEE900A5C339 /* Sorting.swift in Sources */,
			);
			runOnlyForDeploymentPostprocessing = 0;
		};
		C68E8070255EB06800A5C339 /* Sources */ = {
			isa = PBXSourcesBuildPhase;
			buildActionMask = 2147483647;
			files = (
			);
			runOnlyForDeploymentPostprocessing = 0;
		};
		C6F0C3A0255BF9B2001876EB /* Sources */ = {
			isa = PBXSourcesBuildPhase;
			buildActionMask = 2147483647;
			files = (
				C62ED2392565349F00EF82FC /* Unknown.swift in Sources */,
				C67DDCDB2563D132001F7CE2 /* Search.swift in Sources */,
				C68E805F255EACBF00A5C339 /* Sorting.swift in Sources */,
				C6F0C3A8255BF9B2001876EB /* main.swift in Sources */,
			);
			runOnlyForDeploymentPostprocessing = 0;
		};
/* End PBXSourcesBuildPhase section */

/* Begin XCBuildConfiguration section */
		C68E8056255EAA8E00A5C339 /* Debug */ = {
			isa = XCBuildConfiguration;
			buildSettings = {
				CODE_SIGN_STYLE = Automatic;
				COMBINE_HIDPI_IMAGES = YES;
				INFOPLIST_FILE = StandardAlgorithmsTests/Info.plist;
				LD_RUNPATH_SEARCH_PATHS = (
					"$(inherited)",
					"@executable_path/../Frameworks",
					"@loader_path/../Frameworks",
				);
				PRODUCT_BUNDLE_IDENTIFIER = com.freddie.StandardAlgorithmsTests;
				PRODUCT_NAME = "$(TARGET_NAME)";
				SWIFT_VERSION = 5.0;
			};
			name = Debug;
		};
		C68E8057255EAA8E00A5C339 /* Release */ = {
			isa = XCBuildConfiguration;
			buildSettings = {
				CODE_SIGN_STYLE = Automatic;
				COMBINE_HIDPI_IMAGES = YES;
				INFOPLIST_FILE = StandardAlgorithmsTests/Info.plist;
				LD_RUNPATH_SEARCH_PATHS = (
					"$(inherited)",
					"@executable_path/../Frameworks",
					"@loader_path/../Frameworks",
				);
				PRODUCT_BUNDLE_IDENTIFIER = com.freddie.StandardAlgorithmsTests;
				PRODUCT_NAME = "$(TARGET_NAME)";
				SWIFT_VERSION = 5.0;
			};
			name = Release;
		};
		C68E807A255EB06800A5C339 /* Debug */ = {
			isa = XCBuildConfiguration;
			buildSettings = {
				CODE_SIGN_STYLE = Automatic;
				COMBINE_HIDPI_IMAGES = YES;
				INFOPLIST_FILE = blahtests/Info.plist;
				LD_RUNPATH_SEARCH_PATHS = (
					"$(inherited)",
					"@executable_path/../Frameworks",
					"@loader_path/../Frameworks",
				);
				PRODUCT_BUNDLE_IDENTIFIER = com.freddie.blahtests;
				PRODUCT_NAME = "$(TARGET_NAME)";
				SWIFT_VERSION = 5.0;
			};
			name = Debug;
		};
		C68E807B255EB06800A5C339 /* Release */ = {
			isa = XCBuildConfiguration;
			buildSettings = {
				CODE_SIGN_STYLE = Automatic;
				COMBINE_HIDPI_IMAGES = YES;
				INFOPLIST_FILE = blahtests/Info.plist;
				LD_RUNPATH_SEARCH_PATHS = (
					"$(inherited)",
					"@executable_path/../Frameworks",
					"@loader_path/../Frameworks",
				);
				PRODUCT_BUNDLE_IDENTIFIER = com.freddie.blahtests;
				PRODUCT_NAME = "$(TARGET_NAME)";
				SWIFT_VERSION = 5.0;
			};
			name = Release;
		};
		C6F0C3A9255BF9B2001876EB /* Debug */ = {
			isa = XCBuildConfiguration;
			buildSettings = {
				ALWAYS_SEARCH_USER_PATHS = NO;
				CLANG_ANALYZER_NONNULL = YES;
				CLANG_ANALYZER_NUMBER_OBJECT_CONVERSION = YES_AGGRESSIVE;
				CLANG_CXX_LANGUAGE_STANDARD = "gnu++14";
				CLANG_CXX_LIBRARY = "libc++";
				CLANG_ENABLE_MODULES = YES;
				CLANG_ENABLE_OBJC_ARC = YES;
				CLANG_ENABLE_OBJC_WEAK = YES;
				CLANG_WARN_BLOCK_CAPTURE_AUTORELEASING = YES;
				CLANG_WARN_BOOL_CONVERSION = YES;
				CLANG_WARN_COMMA = YES;
				CLANG_WARN_CONSTANT_CONVERSION = YES;
				CLANG_WARN_DEPRECATED_OBJC_IMPLEMENTATIONS = YES;
				CLANG_WARN_DIRECT_OBJC_ISA_USAGE = YES_ERROR;
				CLANG_WARN_DOCUMENTATION_COMMENTS = YES;
				CLANG_WARN_EMPTY_BODY = YES;
				CLANG_WARN_ENUM_CONVERSION = YES;
				CLANG_WARN_INFINITE_RECURSION = YES;
				CLANG_WARN_INT_CONVERSION = YES;
				CLANG_WARN_NON_LITERAL_NULL_CONVERSION = YES;
				CLANG_WARN_OBJC_IMPLICIT_RETAIN_SELF = YES;
				CLANG_WARN_OBJC_LITERAL_CONVERSION = YES;
				CLANG_WARN_OBJC_ROOT_CLASS = YES_ERROR;
				CLANG_WARN_QUOTED_INCLUDE_IN_FRAMEWORK_HEADER = YES;
				CLANG_WARN_RANGE_LOOP_ANALYSIS = YES;
				CLANG_WARN_STRICT_PROTOTYPES = YES;
				CLANG_WARN_SUSPICIOUS_MOVE = YES;
				CLANG_WARN_UNGUARDED_AVAILABILITY = YES_AGGRESSIVE;
				CLANG_WARN_UNREACHABLE_CODE = YES;
				CLANG_WARN__DUPLICATE_METHOD_MATCH = YES;
				COPY_PHASE_STRIP = NO;
				DEBUG_INFORMATION_FORMAT = dwarf;
				ENABLE_STRICT_OBJC_MSGSEND = YES;
				ENABLE_TESTABILITY = YES;
				GCC_C_LANGUAGE_STANDARD = gnu11;
				GCC_DYNAMIC_NO_PIC = NO;
				GCC_NO_COMMON_BLOCKS = YES;
				GCC_OPTIMIZATION_LEVEL = 0;
				GCC_PREPROCESSOR_DEFINITIONS = (
					"DEBUG=1",
					"$(inherited)",
				);
				GCC_WARN_64_TO_32_BIT_CONVERSION = YES;
				GCC_WARN_ABOUT_RETURN_TYPE = YES_ERROR;
				GCC_WARN_UNDECLARED_SELECTOR = YES;
				GCC_WARN_UNINITIALIZED_AUTOS = YES_AGGRESSIVE;
				GCC_WARN_UNUSED_FUNCTION = YES;
				GCC_WARN_UNUSED_VARIABLE = YES;
				MACOSX_DEPLOYMENT_TARGET = 10.15;
				MTL_ENABLE_DEBUG_INFO = INCLUDE_SOURCE;
				MTL_FAST_MATH = YES;
				ONLY_ACTIVE_ARCH = YES;
				SDKROOT = macosx;
				SWIFT_ACTIVE_COMPILATION_CONDITIONS = DEBUG;
				SWIFT_OPTIMIZATION_LEVEL = "-Onone";
			};
			name = Debug;
		};
		C6F0C3AA255BF9B2001876EB /* Release */ = {
			isa = XCBuildConfiguration;
			buildSettings = {
				ALWAYS_SEARCH_USER_PATHS = NO;
				CLANG_ANALYZER_NONNULL = YES;
				CLANG_ANALYZER_NUMBER_OBJECT_CONVERSION = YES_AGGRESSIVE;
				CLANG_CXX_LANGUAGE_STANDARD = "gnu++14";
				CLANG_CXX_LIBRARY = "libc++";
				CLANG_ENABLE_MODULES = YES;
				CLANG_ENABLE_OBJC_ARC = YES;
				CLANG_ENABLE_OBJC_WEAK = YES;
				CLANG_WARN_BLOCK_CAPTURE_AUTORELEASING = YES;
				CLANG_WARN_BOOL_CONVERSION = YES;
				CLANG_WARN_COMMA = YES;
				CLANG_WARN_CONSTANT_CONVERSION = YES;
				CLANG_WARN_DEPRECATED_OBJC_IMPLEMENTATIONS = YES;
				CLANG_WARN_DIRECT_OBJC_ISA_USAGE = YES_ERROR;
				CLANG_WARN_DOCUMENTATION_COMMENTS = YES;
				CLANG_WARN_EMPTY_BODY = YES;
				CLANG_WARN_ENUM_CONVERSION = YES;
				CLANG_WARN_INFINITE_RECURSION = YES;
				CLANG_WARN_INT_CONVERSION = YES;
				CLANG_WARN_NON_LITERAL_NULL_CONVERSION = YES;
				CLANG_WARN_OBJC_IMPLICIT_RETAIN_SELF = YES;
				CLANG_WARN_OBJC_LITERAL_CONVERSION = YES;
				CLANG_WARN_OBJC_ROOT_CLASS = YES_ERROR;
				CLANG_WARN_QUOTED_INCLUDE_IN_FRAMEWORK_HEADER = YES;
				CLANG_WARN_RANGE_LOOP_ANALYSIS = YES;
				CLANG_WARN_STRICT_PROTOTYPES = YES;
				CLANG_WARN_SUSPICIOUS_MOVE = YES;
				CLANG_WARN_UNGUARDED_AVAILABILITY = YES_AGGRESSIVE;
				CLANG_WARN_UNREACHABLE_CODE = YES;
				CLANG_WARN__DUPLICATE_METHOD_MATCH = YES;
				COPY_PHASE_STRIP = NO;
				DEBUG_INFORMATION_FORMAT = "dwarf-with-dsym";
				ENABLE_NS_ASSERTIONS = NO;
				ENABLE_STRICT_OBJC_MSGSEND = YES;
				GCC_C_LANGUAGE_STANDARD = gnu11;
				GCC_NO_COMMON_BLOCKS = YES;
				GCC_WARN_64_TO_32_BIT_CONVERSION = YES;
				GCC_WARN_ABOUT_RETURN_TYPE = YES_ERROR;
				GCC_WARN_UNDECLARED_SELECTOR = YES;
				GCC_WARN_UNINITIALIZED_AUTOS = YES_AGGRESSIVE;
				GCC_WARN_UNUSED_FUNCTION = YES;
				GCC_WARN_UNUSED_VARIABLE = YES;
				MACOSX_DEPLOYMENT_TARGET = 10.15;
				MTL_ENABLE_DEBUG_INFO = NO;
				MTL_FAST_MATH = YES;
				SDKROOT = macosx;
				SWIFT_COMPILATION_MODE = wholemodule;
				SWIFT_OPTIMIZATION_LEVEL = "-O";
			};
			name = Release;
		};
		C6F0C3AC255BF9B2001876EB /* Debug */ = {
			isa = XCBuildConfiguration;
			buildSettings = {
				CODE_SIGN_IDENTITY = "-";
				CODE_SIGN_STYLE = Automatic;
				PRODUCT_NAME = "$(TARGET_NAME)";
				SWIFT_VERSION = 5.0;
			};
			name = Debug;
		};
		C6F0C3AD255BF9B2001876EB /* Release */ = {
			isa = XCBuildConfiguration;
			buildSettings = {
				CODE_SIGN_IDENTITY = "-";
				CODE_SIGN_STYLE = Automatic;
				PRODUCT_NAME = "$(TARGET_NAME)";
				SWIFT_VERSION = 5.0;
			};
			name = Release;
		};
/* End XCBuildConfiguration section */

/* Begin XCConfigurationList section */
		C68E8055255EAA8E00A5C339 /* Build configuration list for PBXNativeTarget "StandardAlgorithmsTests" */ = {
			isa = XCConfigurationList;
			buildConfigurations = (
				C68E8056255EAA8E00A5C339 /* Debug */,
				C68E8057255EAA8E00A5C339 /* Release */,
			);
			defaultConfigurationIsVisible = 0;
			defaultConfigurationName = Release;
		};
		C68E8079255EB06800A5C339 /* Build configuration list for PBXNativeTarget "blahtests" */ = {
			isa = XCConfigurationList;
			buildConfigurations = (
				C68E807A255EB06800A5C339 /* Debug */,
				C68E807B255EB06800A5C339 /* Release */,
			);
			defaultConfigurationIsVisible = 0;
			defaultConfigurationName = Release;
		};
		C6F0C39F255BF9B1001876EB /* Build configuration list for PBXProject "StandardAlgorithms" */ = {
			isa = XCConfigurationList;
			buildConfigurations = (
				C6F0C3A9255BF9B2001876EB /* Debug */,
				C6F0C3AA255BF9B2001876EB /* Release */,
			);
			defaultConfigurationIsVisible = 0;
			defaultConfigurationName = Release;
		};
		C6F0C3AB255BF9B2001876EB /* Build configuration list for PBXNativeTarget "StandardAlgorithms" */ = {
			isa = XCConfigurationList;
			buildConfigurations = (
				C6F0C3AC255BF9B2001876EB /* Debug */,
				C6F0C3AD255BF9B2001876EB /* Release */,
			);
			defaultConfigurationIsVisible = 0;
			defaultConfigurationName = Release;
		};
/* End XCConfigurationList section */
	};
	rootObject = C6F0C39C255BF9B1001876EB /* Project object */;
}
